// !$*UTF8*$!
{
	archiveVersion = 1;
	classes = {
	};
	objectVersion = 51;
	objects = {

/* Begin PBXBuildFile section */
		673C8CF3FC42E040986B3F4E /* Pods_NewaApp.framework in Frameworks */ = {isa = PBXBuildFile; fileRef = B76ABB2DB20760F57C7CB19A /* Pods_NewaApp.framework */; };
		C0D7E67622FF95F200BF6982 /* AppDelegate.swift in Sources */ = {isa = PBXBuildFile; fileRef = C0D7E67522FF95F200BF6982 /* AppDelegate.swift */; };
		C0D7E67822FF95F200BF6982 /* ViewController.swift in Sources */ = {isa = PBXBuildFile; fileRef = C0D7E67722FF95F200BF6982 /* ViewController.swift */; };
		C0D7E67B22FF95F200BF6982 /* Main.storyboard in Resources */ = {isa = PBXBuildFile; fileRef = C0D7E67922FF95F200BF6982 /* Main.storyboard */; };
		C0D7E67D22FF95F300BF6982 /* Assets.xcassets in Resources */ = {isa = PBXBuildFile; fileRef = C0D7E67C22FF95F300BF6982 /* Assets.xcassets */; };
		C0D7E68022FF95F300BF6982 /* LaunchScreen.storyboard in Resources */ = {isa = PBXBuildFile; fileRef = C0D7E67E22FF95F300BF6982 /* LaunchScreen.storyboard */; };
/* End PBXBuildFile section */

/* Begin PBXFileReference section */
		773CBB479A8A7DC88F1172E8 /* Pods-NewaApp.release.xcconfig */ = {isa = PBXFileReference; includeInIndex = 1; lastKnownFileType = text.xcconfig; name = "Pods-NewaApp.release.xcconfig"; path = "Target Support Files/Pods-NewaApp/Pods-NewaApp.release.xcconfig"; sourceTree = "<group>"; };
		B76ABB2DB20760F57C7CB19A /* Pods_NewaApp.framework */ = {isa = PBXFileReference; explicitFileType = wrapper.framework; includeInIndex = 0; path = Pods_NewaApp.framework; sourceTree = BUILT_PRODUCTS_DIR; };
		C0D7E67222FF95F200BF6982 /* NewaApp.app */ = {isa = PBXFileReference; explicitFileType = wrapper.application; includeInIndex = 0; path = NewaApp.app; sourceTree = BUILT_PRODUCTS_DIR; };
		C0D7E67522FF95F200BF6982 /* AppDelegate.swift */ = {isa = PBXFileReference; lastKnownFileType = sourcecode.swift; path = AppDelegate.swift; sourceTree = "<group>"; };
		C0D7E67722FF95F200BF6982 /* ViewController.swift */ = {isa = PBXFileReference; lastKnownFileType = sourcecode.swift; path = ViewController.swift; sourceTree = "<group>"; };
		C0D7E67A22FF95F200BF6982 /* Base */ = {isa = PBXFileReference; lastKnownFileType = file.storyboard; name = Base; path = Base.lproj/Main.storyboard; sourceTree = "<group>"; };
		C0D7E67C22FF95F300BF6982 /* Assets.xcassets */ = {isa = PBXFileReference; lastKnownFileType = folder.assetcatalog; path = Assets.xcassets; sourceTree = "<group>"; };
		C0D7E67F22FF95F300BF6982 /* Base */ = {isa = PBXFileReference; lastKnownFileType = file.storyboard; name = Base; path = Base.lproj/LaunchScreen.storyboard; sourceTree = "<group>"; };
		C0D7E68122FF95F300BF6982 /* Info.plist */ = {isa = PBXFileReference; lastKnownFileType = text.plist.xml; path = Info.plist; sourceTree = "<group>"; };
		EAF15A7EB6234A0E5F062D70 /* Pods-NewaApp.debug.xcconfig */ = {isa = PBXFileReference; includeInIndex = 1; lastKnownFileType = text.xcconfig; name = "Pods-NewaApp.debug.xcconfig"; path = "Target Support Files/Pods-NewaApp/Pods-NewaApp.debug.xcconfig"; sourceTree = "<group>"; };
/* End PBXFileReference section */

/* Begin PBXFrameworksBuildPhase section */
		C0D7E66F22FF95F200BF6982 /* Frameworks */ = {
			isa = PBXFrameworksBuildPhase;
			buildActionMask = 2147483647;
			files = (
				673C8CF3FC42E040986B3F4E /* Pods_NewaApp.framework in Frameworks */,
			);
			runOnlyForDeploymentPostprocessing = 0;
		};
/* End PBXFrameworksBuildPhase section */

/* Begin PBXGroup section */
		4890CB8B79090A5A03A210A7 /* Pods */ = {
			isa = PBXGroup;
			children = (
				EAF15A7EB6234A0E5F062D70 /* Pods-NewaApp.debug.xcconfig */,
				773CBB479A8A7DC88F1172E8 /* Pods-NewaApp.release.xcconfig */,
			);
			path = Pods;
			sourceTree = "<group>";
		};
		AF60ABB1306F6B107EF8CDEA /* Frameworks */ = {
			isa = PBXGroup;
			children = (
				B76ABB2DB20760F57C7CB19A /* Pods_NewaApp.framework */,
			);
			name = Frameworks;
			sourceTree = "<group>";
		};
		C0D7E66922FF95F200BF6982 = {
			isa = PBXGroup;
			children = (
				C0D7E67422FF95F200BF6982 /* NewaApp */,
				C0D7E67322FF95F200BF6982 /* Products */,
				4890CB8B79090A5A03A210A7 /* Pods */,
				AF60ABB1306F6B107EF8CDEA /* Frameworks */,
			);
			sourceTree = "<group>";
		};
		C0D7E67322FF95F200BF6982 /* Products */ = {
			isa = PBXGroup;
			children = (
				C0D7E67222FF95F200BF6982 /* NewaApp.app */,
			);
			name = Products;
			sourceTree = "<group>";
		};
		C0D7E67422FF95F200BF6982 /* NewaApp */ = {
			isa = PBXGroup;
			children = (
				C0D7E67522FF95F200BF6982 /* AppDelegate.swift */,
				C0D7E67722FF95F200BF6982 /* ViewController.swift */,
				C0D7E67922FF95F200BF6982 /* Main.storyboard */,
				C0D7E67C22FF95F300BF6982 /* Assets.xcassets */,
				C0D7E67E22FF95F300BF6982 /* LaunchScreen.storyboard */,
				C0D7E68122FF95F300BF6982 /* Info.plist */,
			);
			path = NewaApp;
			sourceTree = "<group>";
		};
/* End PBXGroup section */

/* Begin PBXNativeTarget section */
		C0D7E67122FF95F200BF6982 /* NewaApp */ = {
			isa = PBXNativeTarget;
			buildConfigurationList = C0D7E68422FF95F300BF6982 /* Build configuration list for PBXNativeTarget "NewaApp" */;
			buildPhases = (
				BAF9BBC48E3C531AC242AB95 /* [CP] Check Pods Manifest.lock */,
				C0D7E66E22FF95F200BF6982 /* Sources */,
				C0D7E66F22FF95F200BF6982 /* Frameworks */,
				C0D7E67022FF95F200BF6982 /* Resources */,
				B8627C5F2768D3AA9D86C50C /* [CP] Embed Pods Frameworks */,
			);
			buildRules = (
			);
			dependencies = (
			);
			name = NewaApp;
			productName = NewaApp;
			productReference = C0D7E67222FF95F200BF6982 /* NewaApp.app */;
			productType = "com.apple.product-type.application";
		};
/* End PBXNativeTarget section */

/* Begin PBXProject section */
		C0D7E66A22FF95F200BF6982 /* Project object */ = {
			isa = PBXProject;
			attributes = {
				LastSwiftUpdateCheck = 1020;
				LastUpgradeCheck = 1020;
				ORGANIZATIONNAME = "yo-project";
				TargetAttributes = {
					C0D7E67122FF95F200BF6982 = {
						CreatedOnToolsVersion = 10.2.1;
					};
				};
			};
			buildConfigurationList = C0D7E66D22FF95F200BF6982 /* Build configuration list for PBXProject "NewaApp" */;
			compatibilityVersion = "Xcode 9.3";
			developmentRegion = en;
			hasScannedForEncodings = 0;
			knownRegions = (
				en,
				Base,
			);
			mainGroup = C0D7E66922FF95F200BF6982;
			productRefGroup = C0D7E67322FF95F200BF6982 /* Products */;
			projectDirPath = "";
			projectRoot = "";
			targets = (
				C0D7E67122FF95F200BF6982 /* NewaApp */,
			);
		};
/* End PBXProject section */

/* Begin PBXResourcesBuildPhase section */
		C0D7E67022FF95F200BF6982 /* Resources */ = {
			isa = PBXResourcesBuildPhase;
			buildActionMask = 2147483647;
			files = (
				C0D7E68022FF95F300BF6982 /* LaunchScreen.storyboard in Resources */,
				C0D7E67D22FF95F300BF6982 /* Assets.xcassets in Resources */,
				C0D7E67B22FF95F200BF6982 /* Main.storyboard in Resources */,
			);
			runOnlyForDeploymentPostprocessing = 0;
		};
/* End PBXResourcesBuildPhase section */

/* Begin PBXShellScriptBuildPhase section */
		B8627C5F2768D3AA9D86C50C /* [CP] Embed Pods Frameworks */ = {
			isa = PBXShellScriptBuildPhase;
			buildActionMask = 2147483647;
			files = (
			);
			inputFileListPaths = (
				"${PODS_ROOT}/Target Support Files/Pods-NewaApp/Pods-NewaApp-frameworks-${CONFIGURATION}-input-files.xcfilelist",
			);
			name = "[CP] Embed Pods Frameworks";
			outputFileListPaths = (
				"${PODS_ROOT}/Target Support Files/Pods-NewaApp/Pods-NewaApp-frameworks-${CONFIGURATION}-output-files.xcfilelist",
			);
			runOnlyForDeploymentPostprocessing = 0;
			shellPath = /bin/sh;
			shellScript = "\"${PODS_ROOT}/Target Support Files/Pods-NewaApp/Pods-NewaApp-frameworks.sh\"\n";
			showEnvVarsInLog = 0;
		};
		BAF9BBC48E3C531AC242AB95 /* [CP] Check Pods Manifest.lock */ = {
			isa = PBXShellScriptBuildPhase;
			buildActionMask = 2147483647;
			files = (
			);
			inputFileListPaths = (
			);
			inputPaths = (
				"${PODS_PODFILE_DIR_PATH}/Podfile.lock",
				"${PODS_ROOT}/Manifest.lock",
			);
			name = "[CP] Check Pods Manifest.lock";
			outputFileListPaths = (
			);
			outputPaths = (
				"$(DERIVED_FILE_DIR)/Pods-NewaApp-checkManifestLockResult.txt",
			);
			runOnlyForDeploymentPostprocessing = 0;
			shellPath = /bin/sh;
			shellScript = "diff \"${PODS_PODFILE_DIR_PATH}/Podfile.lock\" \"${PODS_ROOT}/Manifest.lock\" > /dev/null\nif [ $? != 0 ] ; then\n    # print error to STDERR\n    echo \"error: The sandbox is not in sync with the Podfile.lock. Run 'pod install' or update your CocoaPods installation.\" >&2\n    exit 1\nfi\n# This output is used by Xcode 'outputs' to avoid re-running this script phase.\necho \"SUCCESS\" > \"${SCRIPT_OUTPUT_FILE_0}\"\n";
			showEnvVarsInLog = 0;
		};
/* End PBXShellScriptBuildPhase section */

/* Begin PBXSourcesBuildPhase section */
		C0D7E66E22FF95F200BF6982 /* Sources */ = {
			isa = PBXSourcesBuildPhase;
			buildActionMask = 2147483647;
			files = (
				C0D7E67822FF95F200BF6982 /* ViewController.swift in Sources */,
				C0D7E67622FF95F200BF6982 /* AppDelegate.swift in Sources */,
			);
			runOnlyForDeploymentPostprocessing = 0;
		};
/* End PBXSourcesBuildPhase section */

/* Begin PBXVariantGroup section */
		C0D7E67922FF95F200BF6982 /* Main.storyboard */ = {
			isa = PBXVariantGroup;
			children = (
				C0D7E67A22FF95F200BF6982 /* Base */,
			);
			name = Main.storyboard;
			sourceTree = "<group>";
		};
		C0D7E67E22FF95F300BF6982 /* LaunchScreen.storyboard */ = {
			isa = PBXVariantGroup;
			children = (
				C0D7E67F22FF95F300BF6982 /* Base */,
			);
			name = LaunchScreen.storyboard;
			sourceTree = "<group>";
		};
/* End PBXVariantGroup section */

/* Begin XCBuildConfiguration section */
		C0D7E68222FF95F300BF6982 /* Debug */ = {
			isa = XCBuildConfiguration;
			buildSettings = {
				ALWAYS_SEARCH_USER_PATHS = NO;
				CLANG_ANALYZER_NONNULL = YES;
				CLANG_ANALYZER_NUMBER_OBJECT_CONVERSION = YES_AGGRESSIVE;
				CLANG_CXX_LANGUAGE_STANDARD = "gnu++14";
				CLANG_CXX_LIBRARY = "libc++";
				CLANG_ENABLE_MODULES = YES;
				CLANG_ENABLE_OBJC_ARC = YES;
				CLANG_ENABLE_OBJC_WEAK = YES;
				CLANG_WARN_BLOCK_CAPTURE_AUTORELEASING = YES;
				CLANG_WARN_BOOL_CONVERSION = YES;
				CLANG_WARN_COMMA = YES;
				CLANG_WARN_CONSTANT_CONVERSION = YES;
				CLANG_WARN_DEPRECATED_OBJC_IMPLEMENTATIONS = YES;
				CLANG_WARN_DIRECT_OBJC_ISA_USAGE = YES_ERROR;
				CLANG_WARN_DOCUMENTATION_COMMENTS = YES;
				CLANG_WARN_EMPTY_BODY = YES;
				CLANG_WARN_ENUM_CONVERSION = YES;
				CLANG_WARN_INFINITE_RECURSION = YES;
				CLANG_WARN_INT_CONVERSION = YES;
				CLANG_WARN_NON_LITERAL_NULL_CONVERSION = YES;
				CLANG_WARN_OBJC_IMPLICIT_RETAIN_SELF = YES;
				CLANG_WARN_OBJC_LITERAL_CONVERSION = YES;
				CLANG_WARN_OBJC_ROOT_CLASS = YES_ERROR;
				CLANG_WARN_RANGE_LOOP_ANALYSIS = YES;
				CLANG_WARN_STRICT_PROTOTYPES = YES;
				CLANG_WARN_SUSPICIOUS_MOVE = YES;
				CLANG_WARN_UNGUARDED_AVAILABILITY = YES_AGGRESSIVE;
				CLANG_WARN_UNREACHABLE_CODE = YES;
				CLANG_WARN__DUPLICATE_METHOD_MATCH = YES;
				CODE_SIGN_IDENTITY = "iPhone Developer";
				COPY_PHASE_STRIP = NO;
				DEBUG_INFORMATION_FORMAT = dwarf;
				ENABLE_STRICT_OBJC_MSGSEND = YES;
				ENABLE_TESTABILITY = YES;
				GCC_C_LANGUAGE_STANDARD = gnu11;
				GCC_DYNAMIC_NO_PIC = NO;
				GCC_NO_COMMON_BLOCKS = YES;
				GCC_OPTIMIZATION_LEVEL = 0;
				GCC_PREPROCESSOR_DEFINITIONS = (
					"DEBUG=1",
					"$(inherited)",
				);
				GCC_WARN_64_TO_32_BIT_CONVERSION = YES;
				GCC_WARN_ABOUT_RETURN_TYPE = YES_ERROR;
				GCC_WARN_UNDECLARED_SELECTOR = YES;
				GCC_WARN_UNINITIALIZED_AUTOS = YES_AGGRESSIVE;
				GCC_WARN_UNUSED_FUNCTION = YES;
				GCC_WARN_UNUSED_VARIABLE = YES;
				IPHONEOS_DEPLOYMENT_TARGET = 12.2;
				MTL_ENABLE_DEBUG_INFO = INCLUDE_SOURCE;
				MTL_FAST_MATH = YES;
				ONLY_ACTIVE_ARCH = YES;
				SDKROOT = iphoneos;
				SWIFT_ACTIVE_COMPILATION_CONDITIONS = DEBUG;
				SWIFT_OPTIMIZATION_LEVEL = "-Onone";
			};
			name = Debug;
		};
		C0D7E68322FF95F300BF6982 /* Release */ = {
			isa = XCBuildConfiguration;
			buildSettings = {
				ALWAYS_SEARCH_USER_PATHS = NO;
				CLANG_ANALYZER_NONNULL = YES;
				CLANG_ANALYZER_NUMBER_OBJECT_CONVERSION = YES_AGGRESSIVE;
				CLANG_CXX_LANGUAGE_STANDARD = "gnu++14";
				CLANG_CXX_LIBRARY = "libc++";
				CLANG_ENABLE_MODULES = YES;
				CLANG_ENABLE_OBJC_ARC = YES;
				CLANG_ENABLE_OBJC_WEAK = YES;
				CLANG_WARN_BLOCK_CAPTURE_AUTORELEASING = YES;
				CLANG_WARN_BOOL_CONVERSION = YES;
				CLANG_WARN_COMMA = YES;
				CLANG_WARN_CONSTANT_CONVERSION = YES;
				CLANG_WARN_DEPRECATED_OBJC_IMPLEMENTATIONS = YES;
				CLANG_WARN_DIRECT_OBJC_ISA_USAGE = YES_ERROR;
				CLANG_WARN_DOCUMENTATION_COMMENTS = YES;
				CLANG_WARN_EMPTY_BODY = YES;
				CLANG_WARN_ENUM_CONVERSION = YES;
				CLANG_WARN_INFINITE_RECURSION = YES;
				CLANG_WARN_INT_CONVERSION = YES;
				CLANG_WARN_NON_LITERAL_NULL_CONVERSION = YES;
				CLANG_WARN_OBJC_IMPLICIT_RETAIN_SELF = YES;
				CLANG_WARN_OBJC_LITERAL_CONVERSION = YES;
				CLANG_WARN_OBJC_ROOT_CLASS = YES_ERROR;
				CLANG_WARN_RANGE_LOOP_ANALYSIS = YES;
				CLANG_WARN_STRICT_PROTOTYPES = YES;
				CLANG_WARN_SUSPICIOUS_MOVE = YES;
				CLANG_WARN_UNGUARDED_AVAILABILITY = YES_AGGRESSIVE;
				CLANG_WARN_UNREACHABLE_CODE = YES;
				CLANG_WARN__DUPLICATE_METHOD_MATCH = YES;
				CODE_SIGN_IDENTITY = "iPhone Developer";
				COPY_PHASE_STRIP = NO;
				DEBUG_INFORMATION_FORMAT = "dwarf-with-dsym";
				ENABLE_NS_ASSERTIONS = NO;
				ENABLE_STRICT_OBJC_MSGSEND = YES;
				GCC_C_LANGUAGE_STANDARD = gnu11;
				GCC_NO_COMMON_BLOCKS = YES;
				GCC_WARN_64_TO_32_BIT_CONVERSION = YES;
				GCC_WARN_ABOUT_RETURN_TYPE = YES_ERROR;
				GCC_WARN_UNDECLARED_SELECTOR = YES;
				GCC_WARN_UNINITIALIZED_AUTOS = YES_AGGRESSIVE;
				GCC_WARN_UNUSED_FUNCTION = YES;
				GCC_WARN_UNUSED_VARIABLE = YES;
				IPHONEOS_DEPLOYMENT_TARGET = 12.2;
				MTL_ENABLE_DEBUG_INFO = NO;
				MTL_FAST_MATH = YES;
				SDKROOT = iphoneos;
				SWIFT_COMPILATION_MODE = wholemodule;
				SWIFT_OPTIMIZATION_LEVEL = "-O";
				VALIDATE_PRODUCT = YES;
			};
			name = Release;
		};
		C0D7E68522FF95F300BF6982 /* Debug */ = {
			isa = XCBuildConfiguration;
			baseConfigurationReference = EAF15A7EB6234A0E5F062D70 /* Pods-NewaApp.debug.xcconfig */;
			buildSettings = {
				ASSETCATALOG_COMPILER_APPICON_NAME = AppIcon;
				CODE_SIGN_STYLE = Automatic;
				INFOPLIST_FILE = NewaApp/Info.plist;
				LD_RUNPATH_SEARCH_PATHS = (
					"$(inherited)",
					"@executable_path/Frameworks",
				);
				PRODUCT_BUNDLE_IDENTIFIER = project.NewaApp;
				PRODUCT_NAME = "$(TARGET_NAME)";
				SWIFT_VERSION = 5.0;
				TARGETED_DEVICE_FAMILY = "1,2";
			};
			name = Debug;
		};
		C0D7E68622FF95F300BF6982 /* Release */ = {
			isa = XCBuildConfiguration;
			baseConfigurationReference = 773CBB479A8A7DC88F1172E8 /* Pods-NewaApp.release.xcconfig */;
			buildSettings = {
				ASSETCATALOG_COMPILER_APPICON_NAME = AppIcon;
				CODE_SIGN_STYLE = Automatic;
				INFOPLIST_FILE = NewaApp/Info.plist;
				LD_RUNPATH_SEARCH_PATHS = (
					"$(inherited)",
					"@executable_path/Frameworks",
				);
				PRODUCT_BUNDLE_IDENTIFIER = project.NewaApp;
				PRODUCT_NAME = "$(TARGET_NAME)";
				SWIFT_VERSION = 5.0;
				TARGETED_DEVICE_FAMILY = "1,2";
			};
			name = Release;
		};
/* End XCBuildConfiguration section */

/* Begin XCConfigurationList section */
		C0D7E66D22FF95F200BF6982 /* Build configuration list for PBXProject "NewaApp" */ = {
			isa = XCConfigurationList;
			buildConfigurations = (
				C0D7E68222FF95F300BF6982 /* Debug */,
				C0D7E68322FF95F300BF6982 /* Release */,
			);
			defaultConfigurationIsVisible = 0;
			defaultConfigurationName = Release;
		};
		C0D7E68422FF95F300BF6982 /* Build configuration list for PBXNativeTarget "NewaApp" */ = {
			isa = XCConfigurationList;
			buildConfigurations = (
				C0D7E68522FF95F300BF6982 /* Debug */,
				C0D7E68622FF95F300BF6982 /* Release */,
			);
			defaultConfigurationIsVisible = 0;
			defaultConfigurationName = Release;
		};
/* End XCConfigurationList section */
	};
	rootObject = C0D7E66A22FF95F200BF6982 /* Project object */;
}
